{
  "version": 4,
  "terraform_version": "1.1.7",
  "serial": 6,
  "lineage": "d9e5db0e-00d2-8ec0-2bb8-a9da7b171c02",
  "outputs": {
    "k8s_config": {
      "value": "digitalocean_kubernetes_cluster.clusterdeteste.kube_config.0.raw_config",
      "type": "string"
    }
  },
  "resources": [
    {
      "mode": "data",
      "type": "digitalocean_ssh_key",
      "name": "teste",
      "provider": "provider[\"registry.terraform.io/digitalocean/digitalocean\"]",
      "instances": [
        {
          "schema_version": 0,
          "attributes": {
            "fingerprint": "f5:99:fe:47:68:a8:a5:ba:10:3d:c2:23:3d:72:d4:c4",
            "id": 33767614,
            "name": "teste",
            "public_key": "ssh-rsa AAAAB3NzaC1yc2EAAAADAQABAAABgQC8aQJt01WSlqeb8AsVg9KU3uPAYoiRAwt7Gmd0u8xZ/D45GR449w/ykzVQUX/eyyN4K/r71vwflIxcT0uV3i+4hFyGogQc0xC5s8jD/zqHB5cypzFNiP6rDIVvoiFUtSM/s34eoW+4xfNt9sNJ9ozkC/CsLQri9N6t8d6zusBugaH23MkEF5trcex3FSdjinPzLZCGuGarAZ4rbwawSKAIV+eSoAmT2dqAzY7AClI5fKtMs6OBoDhcwfbzzhbjMyB3pZpVrA4PTD/kbzi1jibLMneMy8NhdUE7OHVBSimoZd/kMIRRy2gUerTS+bkZyLXWgqm/GuojbB2z6rukPgAF2OUqx/aZl9Msqcc1cg0HoTEzzvlu+YqDKk4TtGT86lJZthEYFnbWsB/2I1Lg0ATyeCHxUZcz1ATmTE1cDJavfNE/KjWeUso6C+qMS+oXSpauOojMtdq5j1EOIpiX/snlik0gVrOEHNU5dFcSb/1dBheouam54SiFQXkBUda1FXc= vinicious@vinicious-HP-Pavilion-14-Notebook-PC"
          },
          "sensitive_attributes": []
        }
      ]
    },
    {
      "mode": "managed",
      "type": "digitalocean_kubernetes_cluster",
      "name": "clusterdeteste",
      "provider": "provider[\"registry.terraform.io/digitalocean/digitalocean\"]",
      "instances": [
        {
          "schema_version": 3,
          "attributes": {
            "auto_upgrade": false,
            "cluster_subnet": "10.244.0.0/16",
            "created_at": "2022-03-25 13:35:05 +0000 UTC",
            "endpoint": "https://59943701-320f-4177-a9f3-3fdfd3ddc2f1.k8s.ondigitalocean.com",
            "ha": false,
            "id": "59943701-320f-4177-a9f3-3fdfd3ddc2f1",
            "ipv4_address": "159.223.181.165",
            "kube_config": [
              {
                "client_certificate": "",
                "client_key": "",
                "cluster_ca_certificate": "LS0tLS1CRUdJTiBDRVJUSUZJQ0FURS0tLS0tCk1JSURKekNDQWcrZ0F3SUJBZ0lDQm5Vd0RRWUpLb1pJaHZjTkFRRUxCUUF3TXpFVk1CTUdBMVVFQ2hNTVJHbG4KYVhSaGJFOWpaV0Z1TVJvd0dBWURWUVFERXhGck9ITmhZWE1nUTJ4MWMzUmxjaUJEUVRBZUZ3MHlNakF6TWpVeApNek0xTVRGYUZ3MDBNakF6TWpVeE16TTFNVEZhTURNeEZUQVRCZ05WQkFvVERFUnBaMmwwWVd4UFkyVmhiakVhCk1CZ0dBMVVFQXhNUmF6aHpZV0Z6SUVOc2RYTjBaWElnUTBFd2dnRWlNQTBHQ1NxR1NJYjNEUUVCQVFVQUE0SUIKRHdBd2dnRUtBb0lCQVFDLzB1L2Q0TUNxM1F4QUNkYlJ0MFVkVTFCanhxbkc4U3NtV3EwMUgwaW52OEdoV0hHMQp2bmpnWStWZU53OUplSTh4bWpGRFh5K0JNOGZLV2NNRkVPYVRRUEhWcGlxTTdWMXdpa0VQRWFic1o4NlFHbVFqCnRkeHBvSUZEVjZHOTgxaTRQck9Oa2dQWEdvU3VQNUdZcTZsVG9OZkMwbjFJaVJmMXdQQ0R5WTdZbzZRQkpDSkgKMTNqc3FPay9CSXRnTFVwanFEVm1oTXNHM3NqZ1dzdG9JUTNsVWgrcTRZWldScmloVlRzUXBKSThEbHdHK01NRwpqQW1wdDYyeTFTRk9iM0IzVnNOOHF3NS9Lb2tvTml5eXhYbGFvRDJKREIweThRQUZnYlZ1SW1jLy9IeXhaTzgzCnpGTVY1TzFEMHBKMDdOc0hSY0RiV3VTY1RlNUhlOE9jZU41bkFnTUJBQUdqUlRCRE1BNEdBMVVkRHdFQi93UUUKQXdJQmhqQVNCZ05WSFJNQkFmOEVDREFHQVFIL0FnRUFNQjBHQTFVZERnUVdCQlRXMjZkbC9pZGYveGFDV2tpcwp2dXRkeW5XRFVEQU5CZ2txaGtpRzl3MEJBUXNGQUFPQ0FRRUF0cXZvSEZzaU05bGxvMXZDaVlJeWVtZHFWd3RUCjFoKzcwZU50cTRwMGFIMHFBME85V0ZyWnBzRDdCazhrTW04M2FvdDN6QU5lQTJUZ2ZsMmJsZVpJMzhnMmlYOXgKdlNOeDI2dmM4VjN2L0lQajN0bXdEa2IzQmJ0a2Jpdmk3aiswKzBkWS9DRTBvZkZyU3JjeUlmY3FMbUNUcHdycQo5UVZEL3RkanBLd1hHL1g2Z2hyTUxRVHZzaUJMdFVEa01FWTZBTzFSblVpM1VZMXh0d1pLMmpQK2VWUkRadFY3CmJiUWtsOG9kbzczL2V0MjRrSlFuZkpFNHh0ZTFGczNOZTA0WTM1eE5RWllYOVplMCtybTRWMm1PcnJmNnMxK3cKYjQvcTNvMURzVmhBZkpKVTVHMFVvb2pmalcxdzZOek5vUkxXTzVya3h2d0xRUUo4TWJTWHp6TDc4dz09Ci0tLS0tRU5EIENFUlRJRklDQVRFLS0tLS0K",
                "expires_at": "2022-04-01T13:41:50Z",
                "host": "https://59943701-320f-4177-a9f3-3fdfd3ddc2f1.k8s.ondigitalocean.com",
                "raw_config": "apiVersion: v1\nkind: Config\nclusters:\n- cluster:\n    certificate-authority-data: LS0tLS1CRUdJTiBDRVJUSUZJQ0FURS0tLS0tCk1JSURKekNDQWcrZ0F3SUJBZ0lDQm5Vd0RRWUpLb1pJaHZjTkFRRUxCUUF3TXpFVk1CTUdBMVVFQ2hNTVJHbG4KYVhSaGJFOWpaV0Z1TVJvd0dBWURWUVFERXhGck9ITmhZWE1nUTJ4MWMzUmxjaUJEUVRBZUZ3MHlNakF6TWpVeApNek0xTVRGYUZ3MDBNakF6TWpVeE16TTFNVEZhTURNeEZUQVRCZ05WQkFvVERFUnBaMmwwWVd4UFkyVmhiakVhCk1CZ0dBMVVFQXhNUmF6aHpZV0Z6SUVOc2RYTjBaWElnUTBFd2dnRWlNQTBHQ1NxR1NJYjNEUUVCQVFVQUE0SUIKRHdBd2dnRUtBb0lCQVFDLzB1L2Q0TUNxM1F4QUNkYlJ0MFVkVTFCanhxbkc4U3NtV3EwMUgwaW52OEdoV0hHMQp2bmpnWStWZU53OUplSTh4bWpGRFh5K0JNOGZLV2NNRkVPYVRRUEhWcGlxTTdWMXdpa0VQRWFic1o4NlFHbVFqCnRkeHBvSUZEVjZHOTgxaTRQck9Oa2dQWEdvU3VQNUdZcTZsVG9OZkMwbjFJaVJmMXdQQ0R5WTdZbzZRQkpDSkgKMTNqc3FPay9CSXRnTFVwanFEVm1oTXNHM3NqZ1dzdG9JUTNsVWgrcTRZWldScmloVlRzUXBKSThEbHdHK01NRwpqQW1wdDYyeTFTRk9iM0IzVnNOOHF3NS9Lb2tvTml5eXhYbGFvRDJKREIweThRQUZnYlZ1SW1jLy9IeXhaTzgzCnpGTVY1TzFEMHBKMDdOc0hSY0RiV3VTY1RlNUhlOE9jZU41bkFnTUJBQUdqUlRCRE1BNEdBMVVkRHdFQi93UUUKQXdJQmhqQVNCZ05WSFJNQkFmOEVDREFHQVFIL0FnRUFNQjBHQTFVZERnUVdCQlRXMjZkbC9pZGYveGFDV2tpcwp2dXRkeW5XRFVEQU5CZ2txaGtpRzl3MEJBUXNGQUFPQ0FRRUF0cXZvSEZzaU05bGxvMXZDaVlJeWVtZHFWd3RUCjFoKzcwZU50cTRwMGFIMHFBME85V0ZyWnBzRDdCazhrTW04M2FvdDN6QU5lQTJUZ2ZsMmJsZVpJMzhnMmlYOXgKdlNOeDI2dmM4VjN2L0lQajN0bXdEa2IzQmJ0a2Jpdmk3aiswKzBkWS9DRTBvZkZyU3JjeUlmY3FMbUNUcHdycQo5UVZEL3RkanBLd1hHL1g2Z2hyTUxRVHZzaUJMdFVEa01FWTZBTzFSblVpM1VZMXh0d1pLMmpQK2VWUkRadFY3CmJiUWtsOG9kbzczL2V0MjRrSlFuZkpFNHh0ZTFGczNOZTA0WTM1eE5RWllYOVplMCtybTRWMm1PcnJmNnMxK3cKYjQvcTNvMURzVmhBZkpKVTVHMFVvb2pmalcxdzZOek5vUkxXTzVya3h2d0xRUUo4TWJTWHp6TDc4dz09Ci0tLS0tRU5EIENFUlRJRklDQVRFLS0tLS0K\n    server: https://59943701-320f-4177-a9f3-3fdfd3ddc2f1.k8s.ondigitalocean.com\n  name: do-nyc1-clusterdeteste\ncontexts:\n- context:\n    cluster: do-nyc1-clusterdeteste\n    user: do-nyc1-clusterdeteste-admin\n  name: do-nyc1-clusterdeteste\ncurrent-context: do-nyc1-clusterdeteste\nusers:\n- name: do-nyc1-clusterdeteste-admin\n  user:\n    token: e0b48f0172d40f13ce0ac5ad6ff62cc75dd5a220471cc5607c29a63a1593e103\n",
                "token": "e0b48f0172d40f13ce0ac5ad6ff62cc75dd5a220471cc5607c29a63a1593e103"
              }
            ],
            "maintenance_policy": [
              {
                "day": "any",
                "duration": "4h0m0s",
                "start_time": "20:00"
              }
            ],
            "name": "clusterdeteste",
            "node_pool": [
              {
                "actual_node_count": 3,
                "auto_scale": false,
                "id": "f353559f-2eca-4bd9-8c96-b9c38a15270e",
                "labels": {},
                "max_nodes": 0,
                "min_nodes": 0,
                "name": "worker-pool",
                "node_count": 3,
                "nodes": [
                  {
                    "created_at": "2022-03-25 13:35:05 +0000 UTC",
                    "droplet_id": "292259840",
                    "id": "8f460dbb-3a4d-4457-b4f7-a1e581b98850",
                    "name": "worker-pool-c8hzl",
                    "status": "running",
                    "updated_at": "2022-03-25 13:38:25 +0000 UTC"
                  },
                  {
                    "created_at": "2022-03-25 13:35:05 +0000 UTC",
                    "droplet_id": "292259838",
                    "id": "0161ee5a-5ebe-414a-bcb4-e7eb27f902c6",
                    "name": "worker-pool-c8hz2",
                    "status": "running",
                    "updated_at": "2022-03-25 13:38:25 +0000 UTC"
                  },
                  {
                    "created_at": "2022-03-25 13:35:05 +0000 UTC",
                    "droplet_id": "292259839",
                    "id": "691b53c9-056c-4776-9cb8-77b1fe595c1a",
                    "name": "worker-pool-c8hzp",
                    "status": "running",
                    "updated_at": "2022-03-25 13:38:25 +0000 UTC"
                  }
                ],
                "size": "s-2vcpu-2gb",
                "tags": [],
                "taint": []
              }
            ],
            "region": "nyc1",
            "service_subnet": "10.245.0.0/16",
            "status": "running",
            "surge_upgrade": true,
            "tags": [],
            "timeouts": null,
            "updated_at": "2022-03-25 13:41:45 +0000 UTC",
            "urn": "do:kubernetes:59943701-320f-4177-a9f3-3fdfd3ddc2f1",
            "version": "1.22.7-do.0",
            "vpc_uuid": "732f9818-83e8-49ac-8802-13e8d4bd9555"
          },
          "sensitive_attributes": [],
          "private": "eyJlMmJmYjczMC1lY2FhLTExZTYtOGY4OC0zNDM2M2JjN2M0YzAiOnsiY3JlYXRlIjoxODAwMDAwMDAwMDAwfSwic2NoZW1hX3ZlcnNpb24iOiIzIn0="
        }
      ]
    },
    {
      "mode": "managed",
      "type": "kubernetes_deployment",
      "name": "kong",
      "provider": "provider[\"registry.terraform.io/hashicorp/kubernetes\"]",
      "instances": [
        {
          "schema_version": 1,
          "attributes": {
            "id": "default/kong",
            "metadata": [
              {
                "annotations": null,
                "generate_name": "",
                "generation": 1,
                "labels": {
                  "app": "kong"
                },
                "name": "kong",
                "namespace": "default",
                "resource_version": "5818",
                "uid": "2c003aa1-6d16-4f90-a5ba-92e01ee7b20e"
              }
            ],
            "spec": [
              {
                "min_ready_seconds": 0,
                "paused": false,
                "progress_deadline_seconds": 600,
                "replicas": "1",
                "revision_history_limit": 10,
                "selector": [
                  {
                    "match_expressions": [],
                    "match_labels": {
                      "app": "kong"
                    }
                  }
                ],
                "strategy": [
                  {
                    "rolling_update": [
                      {
                        "max_surge": "25%",
                        "max_unavailable": "25%"
                      }
                    ],
                    "type": "RollingUpdate"
                  }
                ],
                "template": [
                  {
                    "metadata": [
                      {
                        "annotations": null,
                        "generate_name": "",
                        "generation": 0,
                        "labels": {
                          "app": "kong"
                        },
                        "name": "",
                        "namespace": "",
                        "resource_version": "",
                        "uid": ""
                      }
                    ],
                    "spec": [
                      {
                        "active_deadline_seconds": 0,
                        "affinity": [],
                        "automount_service_account_token": true,
                        "container": [
                          {
                            "args": null,
                            "command": null,
                            "env": [
                              {
                                "name": "KONG_MOTO",
                                "value": "password",
                                "value_from": []
                              },
                              {
                                "name": "RCON_PASSWORD",
                                "value": "password",
                                "value_from": []
                              },
                              {
                                "name": "RCON_ENABLED",
                                "value": "true",
                                "value_from": []
                              }
                            ],
                            "env_from": [],
                            "image": "kong",
                            "image_pull_policy": "Always",
                            "lifecycle": [],
                            "liveness_probe": [],
                            "name": "kong",
                            "port": [
                              {
                                "container_port": 25565,
                                "host_ip": "",
                                "host_port": 0,
                                "name": "kong",
                                "protocol": "TCP"
                              }
                            ],
                            "readiness_probe": [],
                            "resources": [
                              {
                                "limits": null,
                                "requests": null
                              }
                            ],
                            "security_context": [],
                            "startup_probe": [],
                            "stdin": false,
                            "stdin_once": false,
                            "termination_message_path": "/dev/termination-log",
                            "termination_message_policy": "File",
                            "tty": false,
                            "volume_mount": [],
                            "working_dir": ""
                          }
                        ],
                        "dns_config": [],
                        "dns_policy": "ClusterFirst",
                        "enable_service_links": true,
                        "host_aliases": [],
                        "host_ipc": false,
                        "host_network": false,
                        "host_pid": false,
                        "hostname": "",
                        "image_pull_secrets": [],
                        "init_container": [],
                        "node_name": "",
                        "node_selector": null,
                        "priority_class_name": "",
                        "readiness_gate": [],
                        "restart_policy": "Always",
                        "security_context": [],
                        "service_account_name": "",
                        "share_process_namespace": false,
                        "subdomain": "",
                        "termination_grace_period_seconds": 30,
                        "toleration": [],
                        "topology_spread_constraint": [],
                        "volume": []
                      }
                    ]
                  }
                ]
              }
            ],
            "timeouts": null,
            "wait_for_rollout": true
          },
          "sensitive_attributes": [],
          "private": "eyJlMmJmYjczMC1lY2FhLTExZTYtOGY4OC0zNDM2M2JjN2M0YzAiOnsiY3JlYXRlIjo2MDAwMDAwMDAwMDAsImRlbGV0ZSI6NjAwMDAwMDAwMDAwLCJ1cGRhdGUiOjYwMDAwMDAwMDAwMH0sInNjaGVtYV92ZXJzaW9uIjoiMSJ9"
        }
      ]
    }
  ]
}
